// !$*UTF8*$!
{
	archiveVersion = 1;
	classes = {
	};
	objectVersion = 55;
	objects = {

/* Begin PBXBuildFile section */
		E00B79FE2785068400CA24BE /* AppDelegate.swift in Sources */ = {isa = PBXBuildFile; fileRef = E00B79FD2785068400CA24BE /* AppDelegate.swift */; };
		E00B7A002785068400CA24BE /* SceneDelegate.swift in Sources */ = {isa = PBXBuildFile; fileRef = E00B79FF2785068400CA24BE /* SceneDelegate.swift */; };
		E00B7A022785068400CA24BE /* TaskListViewController.swift in Sources */ = {isa = PBXBuildFile; fileRef = E00B7A012785068400CA24BE /* TaskListViewController.swift */; };
		E00B7A052785068400CA24BE /* Main.storyboard in Resources */ = {isa = PBXBuildFile; fileRef = E00B7A032785068400CA24BE /* Main.storyboard */; };
		E00B7A072785068500CA24BE /* Assets.xcassets in Resources */ = {isa = PBXBuildFile; fileRef = E00B7A062785068500CA24BE /* Assets.xcassets */; };
		E00B7A0A2785068500CA24BE /* LaunchScreen.storyboard in Resources */ = {isa = PBXBuildFile; fileRef = E00B7A082785068500CA24BE /* LaunchScreen.storyboard */; };
		E00B7A152785068600CA24BE /* ToDoAppTests.swift in Sources */ = {isa = PBXBuildFile; fileRef = E00B7A142785068600CA24BE /* ToDoAppTests.swift */; };
		E00B7A1F2785068600CA24BE /* ToDoAppUITests.swift in Sources */ = {isa = PBXBuildFile; fileRef = E00B7A1E2785068600CA24BE /* ToDoAppUITests.swift */; };
		E00B7A212785068600CA24BE /* ToDoAppUITestsLaunchTests.swift in Sources */ = {isa = PBXBuildFile; fileRef = E00B7A202785068600CA24BE /* ToDoAppUITestsLaunchTests.swift */; };
		E00B7A322785093200CA24BE /* TaskTests.swift in Sources */ = {isa = PBXBuildFile; fileRef = E00B7A312785093200CA24BE /* TaskTests.swift */; };
		E00B7A3527850A3600CA24BE /* Task.swift in Sources */ = {isa = PBXBuildFile; fileRef = E00B7A3427850A3600CA24BE /* Task.swift */; };
		E00B7A372785111B00CA24BE /* Location.swift in Sources */ = {isa = PBXBuildFile; fileRef = E00B7A362785111B00CA24BE /* Location.swift */; };
		E00B7A392785127D00CA24BE /* LocationTests.swift in Sources */ = {isa = PBXBuildFile; fileRef = E00B7A382785127D00CA24BE /* LocationTests.swift */; };
		E00B7A3C2785188500CA24BE /* TaskManagerTests.swift in Sources */ = {isa = PBXBuildFile; fileRef = E00B7A3B2785188500CA24BE /* TaskManagerTests.swift */; };
		E00B7A3F2785192E00CA24BE /* TaskManager.swift in Sources */ = {isa = PBXBuildFile; fileRef = E00B7A3E2785192E00CA24BE /* TaskManager.swift */; };
		E02DE06A27888AE3003E7CB2 /* TaskListViewControllerTests.swift in Sources */ = {isa = PBXBuildFile; fileRef = E02DE06927888AE3003E7CB2 /* TaskListViewControllerTests.swift */; };
		E02DE06C27889273003E7CB2 /* DataProvider.swift in Sources */ = {isa = PBXBuildFile; fileRef = E02DE06B27889273003E7CB2 /* DataProvider.swift */; };
/* End PBXBuildFile section */

/* Begin PBXContainerItemProxy section */
		E00B7A112785068600CA24BE /* PBXContainerItemProxy */ = {
			isa = PBXContainerItemProxy;
			containerPortal = E00B79F22785068400CA24BE /* Project object */;
			proxyType = 1;
			remoteGlobalIDString = E00B79F92785068400CA24BE;
			remoteInfo = ToDoApp;
		};
		E00B7A1B2785068600CA24BE /* PBXContainerItemProxy */ = {
			isa = PBXContainerItemProxy;
			containerPortal = E00B79F22785068400CA24BE /* Project object */;
			proxyType = 1;
			remoteGlobalIDString = E00B79F92785068400CA24BE;
			remoteInfo = ToDoApp;
		};
/* End PBXContainerItemProxy section */

/* Begin PBXFileReference section */
		E00B79FA2785068400CA24BE /* ToDoApp.app */ = {isa = PBXFileReference; explicitFileType = wrapper.application; includeInIndex = 0; path = ToDoApp.app; sourceTree = BUILT_PRODUCTS_DIR; };
		E00B79FD2785068400CA24BE /* AppDelegate.swift */ = {isa = PBXFileReference; lastKnownFileType = sourcecode.swift; path = AppDelegate.swift; sourceTree = "<group>"; };
		E00B79FF2785068400CA24BE /* SceneDelegate.swift */ = {isa = PBXFileReference; lastKnownFileType = sourcecode.swift; path = SceneDelegate.swift; sourceTree = "<group>"; };
		E00B7A012785068400CA24BE /* TaskListViewController.swift */ = {isa = PBXFileReference; lastKnownFileType = sourcecode.swift; path = TaskListViewController.swift; sourceTree = "<group>"; };
		E00B7A042785068400CA24BE /* Base */ = {isa = PBXFileReference; lastKnownFileType = file.storyboard; name = Base; path = Base.lproj/Main.storyboard; sourceTree = "<group>"; };
		E00B7A062785068500CA24BE /* Assets.xcassets */ = {isa = PBXFileReference; lastKnownFileType = folder.assetcatalog; path = Assets.xcassets; sourceTree = "<group>"; };
		E00B7A092785068500CA24BE /* Base */ = {isa = PBXFileReference; lastKnownFileType = file.storyboard; name = Base; path = Base.lproj/LaunchScreen.storyboard; sourceTree = "<group>"; };
		E00B7A0B2785068500CA24BE /* Info.plist */ = {isa = PBXFileReference; lastKnownFileType = text.plist.xml; path = Info.plist; sourceTree = "<group>"; };
		E00B7A102785068600CA24BE /* ToDoAppTests.xctest */ = {isa = PBXFileReference; explicitFileType = wrapper.cfbundle; includeInIndex = 0; path = ToDoAppTests.xctest; sourceTree = BUILT_PRODUCTS_DIR; };
		E00B7A142785068600CA24BE /* ToDoAppTests.swift */ = {isa = PBXFileReference; lastKnownFileType = sourcecode.swift; path = ToDoAppTests.swift; sourceTree = "<group>"; };
		E00B7A1A2785068600CA24BE /* ToDoAppUITests.xctest */ = {isa = PBXFileReference; explicitFileType = wrapper.cfbundle; includeInIndex = 0; path = ToDoAppUITests.xctest; sourceTree = BUILT_PRODUCTS_DIR; };
		E00B7A1E2785068600CA24BE /* ToDoAppUITests.swift */ = {isa = PBXFileReference; lastKnownFileType = sourcecode.swift; path = ToDoAppUITests.swift; sourceTree = "<group>"; };
		E00B7A202785068600CA24BE /* ToDoAppUITestsLaunchTests.swift */ = {isa = PBXFileReference; lastKnownFileType = sourcecode.swift; path = ToDoAppUITestsLaunchTests.swift; sourceTree = "<group>"; };
		E00B7A312785093200CA24BE /* TaskTests.swift */ = {isa = PBXFileReference; lastKnownFileType = sourcecode.swift; path = TaskTests.swift; sourceTree = "<group>"; };
		E00B7A3427850A3600CA24BE /* Task.swift */ = {isa = PBXFileReference; lastKnownFileType = sourcecode.swift; path = Task.swift; sourceTree = "<group>"; };
		E00B7A362785111B00CA24BE /* Location.swift */ = {isa = PBXFileReference; lastKnownFileType = sourcecode.swift; path = Location.swift; sourceTree = "<group>"; };
		E00B7A382785127D00CA24BE /* LocationTests.swift */ = {isa = PBXFileReference; lastKnownFileType = sourcecode.swift; path = LocationTests.swift; sourceTree = "<group>"; };
		E00B7A3B2785188500CA24BE /* TaskManagerTests.swift */ = {isa = PBXFileReference; lastKnownFileType = sourcecode.swift; path = TaskManagerTests.swift; sourceTree = "<group>"; };
		E00B7A3E2785192E00CA24BE /* TaskManager.swift */ = {isa = PBXFileReference; lastKnownFileType = sourcecode.swift; path = TaskManager.swift; sourceTree = "<group>"; };
		E02DE06927888AE3003E7CB2 /* TaskListViewControllerTests.swift */ = {isa = PBXFileReference; lastKnownFileType = sourcecode.swift; path = TaskListViewControllerTests.swift; sourceTree = "<group>"; };
		E02DE06B27889273003E7CB2 /* DataProvider.swift */ = {isa = PBXFileReference; lastKnownFileType = sourcecode.swift; path = DataProvider.swift; sourceTree = "<group>"; };
/* End PBXFileReference section */

/* Begin PBXFrameworksBuildPhase section */
		E00B79F72785068400CA24BE /* Frameworks */ = {
			isa = PBXFrameworksBuildPhase;
			buildActionMask = 2147483647;
			files = (
			);
			runOnlyForDeploymentPostprocessing = 0;
		};
		E00B7A0D2785068600CA24BE /* Frameworks */ = {
			isa = PBXFrameworksBuildPhase;
			buildActionMask = 2147483647;
			files = (
			);
			runOnlyForDeploymentPostprocessing = 0;
		};
		E00B7A172785068600CA24BE /* Frameworks */ = {
			isa = PBXFrameworksBuildPhase;
			buildActionMask = 2147483647;
			files = (
			);
			runOnlyForDeploymentPostprocessing = 0;
		};
/* End PBXFrameworksBuildPhase section */

/* Begin PBXGroup section */
		E00B79F12785068400CA24BE = {
			isa = PBXGroup;
			children = (
				E00B79FC2785068400CA24BE /* ToDoApp */,
				E00B7A132785068600CA24BE /* ToDoAppTests */,
				E00B7A1D2785068600CA24BE /* ToDoAppUITests */,
				E00B79FB2785068400CA24BE /* Products */,
			);
			sourceTree = "<group>";
		};
		E00B79FB2785068400CA24BE /* Products */ = {
			isa = PBXGroup;
			children = (
				E00B79FA2785068400CA24BE /* ToDoApp.app */,
				E00B7A102785068600CA24BE /* ToDoAppTests.xctest */,
				E00B7A1A2785068600CA24BE /* ToDoAppUITests.xctest */,
			);
			name = Products;
			sourceTree = "<group>";
		};
		E00B79FC2785068400CA24BE /* ToDoApp */ = {
			isa = PBXGroup;
			children = (
				E00B7A3D2785192300CA24BE /* Manager */,
				E00B7A2F278506E900CA24BE /* Controller */,
				E00B7A2E278506E400CA24BE /* View */,
				E00B7A2D278506D900CA24BE /* Model */,
				E00B7A30278506F500CA24BE /* Supporting files */,
			);
			path = ToDoApp;
			sourceTree = "<group>";
		};
		E00B7A132785068600CA24BE /* ToDoAppTests */ = {
			isa = PBXGroup;
			children = (
				E02DE06827888A9F003E7CB2 /* Controller */,
				E00B7A3A2785186300CA24BE /* Manager */,
				E00B7A332785095A00CA24BE /* Model */,
				E00B7A142785068600CA24BE /* ToDoAppTests.swift */,
			);
			path = ToDoAppTests;
			sourceTree = "<group>";
		};
		E00B7A1D2785068600CA24BE /* ToDoAppUITests */ = {
			isa = PBXGroup;
			children = (
				E00B7A1E2785068600CA24BE /* ToDoAppUITests.swift */,
				E00B7A202785068600CA24BE /* ToDoAppUITestsLaunchTests.swift */,
			);
			path = ToDoAppUITests;
			sourceTree = "<group>";
		};
		E00B7A2D278506D900CA24BE /* Model */ = {
			isa = PBXGroup;
			children = (
				E00B7A3427850A3600CA24BE /* Task.swift */,
				E00B7A362785111B00CA24BE /* Location.swift */,
			);
			path = Model;
			sourceTree = "<group>";
		};
		E00B7A2E278506E400CA24BE /* View */ = {
			isa = PBXGroup;
			children = (
			);
			path = View;
			sourceTree = "<group>";
		};
		E00B7A2F278506E900CA24BE /* Controller */ = {
			isa = PBXGroup;
			children = (
				E00B7A012785068400CA24BE /* TaskListViewController.swift */,
				E02DE06B27889273003E7CB2 /* DataProvider.swift */,
			);
			path = Controller;
			sourceTree = "<group>";
		};
		E00B7A30278506F500CA24BE /* Supporting files */ = {
			isa = PBXGroup;
			children = (
				E00B79FD2785068400CA24BE /* AppDelegate.swift */,
				E00B79FF2785068400CA24BE /* SceneDelegate.swift */,
				E00B7A032785068400CA24BE /* Main.storyboard */,
				E00B7A062785068500CA24BE /* Assets.xcassets */,
				E00B7A082785068500CA24BE /* LaunchScreen.storyboard */,
				E00B7A0B2785068500CA24BE /* Info.plist */,
			);
			path = "Supporting files";
			sourceTree = "<group>";
		};
		E00B7A332785095A00CA24BE /* Model */ = {
			isa = PBXGroup;
			children = (
				E00B7A312785093200CA24BE /* TaskTests.swift */,
				E00B7A382785127D00CA24BE /* LocationTests.swift */,
			);
			path = Model;
			sourceTree = "<group>";
		};
		E00B7A3A2785186300CA24BE /* Manager */ = {
			isa = PBXGroup;
			children = (
				E00B7A3B2785188500CA24BE /* TaskManagerTests.swift */,
			);
			path = Manager;
			sourceTree = "<group>";
		};
		E00B7A3D2785192300CA24BE /* Manager */ = {
			isa = PBXGroup;
			children = (
				E00B7A3E2785192E00CA24BE /* TaskManager.swift */,
			);
			path = Manager;
			sourceTree = "<group>";
		};
		E02DE06827888A9F003E7CB2 /* Controller */ = {
			isa = PBXGroup;
			children = (
				E02DE06927888AE3003E7CB2 /* TaskListViewControllerTests.swift */,
			);
			path = Controller;
			sourceTree = "<group>";
		};
/* End PBXGroup section */

/* Begin PBXNativeTarget section */
		E00B79F92785068400CA24BE /* ToDoApp */ = {
			isa = PBXNativeTarget;
			buildConfigurationList = E00B7A242785068600CA24BE /* Build configuration list for PBXNativeTarget "ToDoApp" */;
			buildPhases = (
				E00B79F62785068400CA24BE /* Sources */,
				E00B79F72785068400CA24BE /* Frameworks */,
				E00B79F82785068400CA24BE /* Resources */,
			);
			buildRules = (
			);
			dependencies = (
			);
			name = ToDoApp;
			productName = ToDoApp;
			productReference = E00B79FA2785068400CA24BE /* ToDoApp.app */;
			productType = "com.apple.product-type.application";
		};
		E00B7A0F2785068600CA24BE /* ToDoAppTests */ = {
			isa = PBXNativeTarget;
			buildConfigurationList = E00B7A272785068600CA24BE /* Build configuration list for PBXNativeTarget "ToDoAppTests" */;
			buildPhases = (
				E00B7A0C2785068600CA24BE /* Sources */,
				E00B7A0D2785068600CA24BE /* Frameworks */,
				E00B7A0E2785068600CA24BE /* Resources */,
			);
			buildRules = (
			);
			dependencies = (
				E00B7A122785068600CA24BE /* PBXTargetDependency */,
			);
			name = ToDoAppTests;
			productName = ToDoAppTests;
			productReference = E00B7A102785068600CA24BE /* ToDoAppTests.xctest */;
			productType = "com.apple.product-type.bundle.unit-test";
		};
		E00B7A192785068600CA24BE /* ToDoAppUITests */ = {
			isa = PBXNativeTarget;
			buildConfigurationList = E00B7A2A2785068600CA24BE /* Build configuration list for PBXNativeTarget "ToDoAppUITests" */;
			buildPhases = (
				E00B7A162785068600CA24BE /* Sources */,
				E00B7A172785068600CA24BE /* Frameworks */,
				E00B7A182785068600CA24BE /* Resources */,
			);
			buildRules = (
			);
			dependencies = (
				E00B7A1C2785068600CA24BE /* PBXTargetDependency */,
			);
			name = ToDoAppUITests;
			productName = ToDoAppUITests;
			productReference = E00B7A1A2785068600CA24BE /* ToDoAppUITests.xctest */;
			productType = "com.apple.product-type.bundle.ui-testing";
		};
/* End PBXNativeTarget section */

/* Begin PBXProject section */
		E00B79F22785068400CA24BE /* Project object */ = {
			isa = PBXProject;
			attributes = {
				BuildIndependentTargetsInParallel = 1;
				LastSwiftUpdateCheck = 1320;
				LastUpgradeCheck = 1320;
				TargetAttributes = {
					E00B79F92785068400CA24BE = {
						CreatedOnToolsVersion = 13.2.1;
					};
					E00B7A0F2785068600CA24BE = {
						CreatedOnToolsVersion = 13.2.1;
						TestTargetID = E00B79F92785068400CA24BE;
					};
					E00B7A192785068600CA24BE = {
						CreatedOnToolsVersion = 13.2.1;
						TestTargetID = E00B79F92785068400CA24BE;
					};
				};
			};
			buildConfigurationList = E00B79F52785068400CA24BE /* Build configuration list for PBXProject "ToDoApp" */;
			compatibilityVersion = "Xcode 13.0";
			developmentRegion = en;
			hasScannedForEncodings = 0;
			knownRegions = (
				en,
				Base,
			);
			mainGroup = E00B79F12785068400CA24BE;
			productRefGroup = E00B79FB2785068400CA24BE /* Products */;
			projectDirPath = "";
			projectRoot = "";
			targets = (
				E00B79F92785068400CA24BE /* ToDoApp */,
				E00B7A0F2785068600CA24BE /* ToDoAppTests */,
				E00B7A192785068600CA24BE /* ToDoAppUITests */,
			);
		};
/* End PBXProject section */

/* Begin PBXResourcesBuildPhase section */
		E00B79F82785068400CA24BE /* Resources */ = {
			isa = PBXResourcesBuildPhase;
			buildActionMask = 2147483647;
			files = (
				E00B7A0A2785068500CA24BE /* LaunchScreen.storyboard in Resources */,
				E00B7A072785068500CA24BE /* Assets.xcassets in Resources */,
				E00B7A052785068400CA24BE /* Main.storyboard in Resources */,
			);
			runOnlyForDeploymentPostprocessing = 0;
		};
		E00B7A0E2785068600CA24BE /* Resources */ = {
			isa = PBXResourcesBuildPhase;
			buildActionMask = 2147483647;
			files = (
			);
			runOnlyForDeploymentPostprocessing = 0;
		};
		E00B7A182785068600CA24BE /* Resources */ = {
			isa = PBXResourcesBuildPhase;
			buildActionMask = 2147483647;
			files = (
			);
			runOnlyForDeploymentPostprocessing = 0;
		};
/* End PBXResourcesBuildPhase section */

/* Begin PBXSourcesBuildPhase section */
		E00B79F62785068400CA24BE /* Sources */ = {
			isa = PBXSourcesBuildPhase;
			buildActionMask = 2147483647;
			files = (
				E00B7A3F2785192E00CA24BE /* TaskManager.swift in Sources */,
				E00B7A3527850A3600CA24BE /* Task.swift in Sources */,
				E00B7A022785068400CA24BE /* TaskListViewController.swift in Sources */,
				E02DE06C27889273003E7CB2 /* DataProvider.swift in Sources */,
				E00B7A372785111B00CA24BE /* Location.swift in Sources */,
				E00B79FE2785068400CA24BE /* AppDelegate.swift in Sources */,
				E00B7A002785068400CA24BE /* SceneDelegate.swift in Sources */,
			);
			runOnlyForDeploymentPostprocessing = 0;
		};
		E00B7A0C2785068600CA24BE /* Sources */ = {
			isa = PBXSourcesBuildPhase;
			buildActionMask = 2147483647;
			files = (
				E00B7A322785093200CA24BE /* TaskTests.swift in Sources */,
				E00B7A392785127D00CA24BE /* LocationTests.swift in Sources */,
				E00B7A3C2785188500CA24BE /* TaskManagerTests.swift in Sources */,
				E02DE06A27888AE3003E7CB2 /* TaskListViewControllerTests.swift in Sources */,
				E00B7A152785068600CA24BE /* ToDoAppTests.swift in Sources */,
			);
			runOnlyForDeploymentPostprocessing = 0;
		};
		E00B7A162785068600CA24BE /* Sources */ = {
			isa = PBXSourcesBuildPhase;
			buildActionMask = 2147483647;
			files = (
				E00B7A212785068600CA24BE /* ToDoAppUITestsLaunchTests.swift in Sources */,
				E00B7A1F2785068600CA24BE /* ToDoAppUITests.swift in Sources */,
			);
			runOnlyForDeploymentPostprocessing = 0;
		};
/* End PBXSourcesBuildPhase section */

/* Begin PBXTargetDependency section */
		E00B7A122785068600CA24BE /* PBXTargetDependency */ = {
			isa = PBXTargetDependency;
			target = E00B79F92785068400CA24BE /* ToDoApp */;
			targetProxy = E00B7A112785068600CA24BE /* PBXContainerItemProxy */;
		};
		E00B7A1C2785068600CA24BE /* PBXTargetDependency */ = {
			isa = PBXTargetDependency;
			target = E00B79F92785068400CA24BE /* ToDoApp */;
			targetProxy = E00B7A1B2785068600CA24BE /* PBXContainerItemProxy */;
		};
/* End PBXTargetDependency section */

/* Begin PBXVariantGroup section */
		E00B7A032785068400CA24BE /* Main.storyboard */ = {
			isa = PBXVariantGroup;
			children = (
				E00B7A042785068400CA24BE /* Base */,
			);
			name = Main.storyboard;
			sourceTree = "<group>";
		};
		E00B7A082785068500CA24BE /* LaunchScreen.storyboard */ = {
			isa = PBXVariantGroup;
			children = (
				E00B7A092785068500CA24BE /* Base */,
			);
			name = LaunchScreen.storyboard;
			sourceTree = "<group>";
		};
/* End PBXVariantGroup section */

/* Begin XCBuildConfiguration section */
		E00B7A222785068600CA24BE /* Debug */ = {
			isa = XCBuildConfiguration;
			buildSettings = {
				ALWAYS_SEARCH_USER_PATHS = NO;
				CLANG_ANALYZER_NONNULL = YES;
				CLANG_ANALYZER_NUMBER_OBJECT_CONVERSION = YES_AGGRESSIVE;
				CLANG_CXX_LANGUAGE_STANDARD = "gnu++17";
				CLANG_CXX_LIBRARY = "libc++";
				CLANG_ENABLE_MODULES = YES;
				CLANG_ENABLE_OBJC_ARC = YES;
				CLANG_ENABLE_OBJC_WEAK = YES;
				CLANG_WARN_BLOCK_CAPTURE_AUTORELEASING = YES;
				CLANG_WARN_BOOL_CONVERSION = YES;
				CLANG_WARN_COMMA = YES;
				CLANG_WARN_CONSTANT_CONVERSION = YES;
				CLANG_WARN_DEPRECATED_OBJC_IMPLEMENTATIONS = YES;
				CLANG_WARN_DIRECT_OBJC_ISA_USAGE = YES_ERROR;
				CLANG_WARN_DOCUMENTATION_COMMENTS = YES;
				CLANG_WARN_EMPTY_BODY = YES;
				CLANG_WARN_ENUM_CONVERSION = YES;
				CLANG_WARN_INFINITE_RECURSION = YES;
				CLANG_WARN_INT_CONVERSION = YES;
				CLANG_WARN_NON_LITERAL_NULL_CONVERSION = YES;
				CLANG_WARN_OBJC_IMPLICIT_RETAIN_SELF = YES;
				CLANG_WARN_OBJC_LITERAL_CONVERSION = YES;
				CLANG_WARN_OBJC_ROOT_CLASS = YES_ERROR;
				CLANG_WARN_QUOTED_INCLUDE_IN_FRAMEWORK_HEADER = YES;
				CLANG_WARN_RANGE_LOOP_ANALYSIS = YES;
				CLANG_WARN_STRICT_PROTOTYPES = YES;
				CLANG_WARN_SUSPICIOUS_MOVE = YES;
				CLANG_WARN_UNGUARDED_AVAILABILITY = YES_AGGRESSIVE;
				CLANG_WARN_UNREACHABLE_CODE = YES;
				CLANG_WARN__DUPLICATE_METHOD_MATCH = YES;
				COPY_PHASE_STRIP = NO;
				DEBUG_INFORMATION_FORMAT = dwarf;
				ENABLE_STRICT_OBJC_MSGSEND = YES;
				ENABLE_TESTABILITY = YES;
				GCC_C_LANGUAGE_STANDARD = gnu11;
				GCC_DYNAMIC_NO_PIC = NO;
				GCC_NO_COMMON_BLOCKS = YES;
				GCC_OPTIMIZATION_LEVEL = 0;
				GCC_PREPROCESSOR_DEFINITIONS = (
					"DEBUG=1",
					"$(inherited)",
				);
				GCC_WARN_64_TO_32_BIT_CONVERSION = YES;
				GCC_WARN_ABOUT_RETURN_TYPE = YES_ERROR;
				GCC_WARN_UNDECLARED_SELECTOR = YES;
				GCC_WARN_UNINITIALIZED_AUTOS = YES_AGGRESSIVE;
				GCC_WARN_UNUSED_FUNCTION = YES;
				GCC_WARN_UNUSED_VARIABLE = YES;
				IPHONEOS_DEPLOYMENT_TARGET = 15.2;
				MTL_ENABLE_DEBUG_INFO = INCLUDE_SOURCE;
				MTL_FAST_MATH = YES;
				ONLY_ACTIVE_ARCH = YES;
				SDKROOT = iphoneos;
				SWIFT_ACTIVE_COMPILATION_CONDITIONS = DEBUG;
				SWIFT_OPTIMIZATION_LEVEL = "-Onone";
			};
			name = Debug;
		};
		E00B7A232785068600CA24BE /* Release */ = {
			isa = XCBuildConfiguration;
			buildSettings = {
				ALWAYS_SEARCH_USER_PATHS = NO;
				CLANG_ANALYZER_NONNULL = YES;
				CLANG_ANALYZER_NUMBER_OBJECT_CONVERSION = YES_AGGRESSIVE;
				CLANG_CXX_LANGUAGE_STANDARD = "gnu++17";
				CLANG_CXX_LIBRARY = "libc++";
				CLANG_ENABLE_MODULES = YES;
				CLANG_ENABLE_OBJC_ARC = YES;
				CLANG_ENABLE_OBJC_WEAK = YES;
				CLANG_WARN_BLOCK_CAPTURE_AUTORELEASING = YES;
				CLANG_WARN_BOOL_CONVERSION = YES;
				CLANG_WARN_COMMA = YES;
				CLANG_WARN_CONSTANT_CONVERSION = YES;
				CLANG_WARN_DEPRECATED_OBJC_IMPLEMENTATIONS = YES;
				CLANG_WARN_DIRECT_OBJC_ISA_USAGE = YES_ERROR;
				CLANG_WARN_DOCUMENTATION_COMMENTS = YES;
				CLANG_WARN_EMPTY_BODY = YES;
				CLANG_WARN_ENUM_CONVERSION = YES;
				CLANG_WARN_INFINITE_RECURSION = YES;
				CLANG_WARN_INT_CONVERSION = YES;
				CLANG_WARN_NON_LITERAL_NULL_CONVERSION = YES;
				CLANG_WARN_OBJC_IMPLICIT_RETAIN_SELF = YES;
				CLANG_WARN_OBJC_LITERAL_CONVERSION = YES;
				CLANG_WARN_OBJC_ROOT_CLASS = YES_ERROR;
				CLANG_WARN_QUOTED_INCLUDE_IN_FRAMEWORK_HEADER = YES;
				CLANG_WARN_RANGE_LOOP_ANALYSIS = YES;
				CLANG_WARN_STRICT_PROTOTYPES = YES;
				CLANG_WARN_SUSPICIOUS_MOVE = YES;
				CLANG_WARN_UNGUARDED_AVAILABILITY = YES_AGGRESSIVE;
				CLANG_WARN_UNREACHABLE_CODE = YES;
				CLANG_WARN__DUPLICATE_METHOD_MATCH = YES;
				COPY_PHASE_STRIP = NO;
				DEBUG_INFORMATION_FORMAT = "dwarf-with-dsym";
				ENABLE_NS_ASSERTIONS = NO;
				ENABLE_STRICT_OBJC_MSGSEND = YES;
				GCC_C_LANGUAGE_STANDARD = gnu11;
				GCC_NO_COMMON_BLOCKS = YES;
				GCC_WARN_64_TO_32_BIT_CONVERSION = YES;
				GCC_WARN_ABOUT_RETURN_TYPE = YES_ERROR;
				GCC_WARN_UNDECLARED_SELECTOR = YES;
				GCC_WARN_UNINITIALIZED_AUTOS = YES_AGGRESSIVE;
				GCC_WARN_UNUSED_FUNCTION = YES;
				GCC_WARN_UNUSED_VARIABLE = YES;
				IPHONEOS_DEPLOYMENT_TARGET = 15.2;
				MTL_ENABLE_DEBUG_INFO = NO;
				MTL_FAST_MATH = YES;
				SDKROOT = iphoneos;
				SWIFT_COMPILATION_MODE = wholemodule;
				SWIFT_OPTIMIZATION_LEVEL = "-O";
				VALIDATE_PRODUCT = YES;
			};
			name = Release;
		};
		E00B7A252785068600CA24BE /* Debug */ = {
			isa = XCBuildConfiguration;
			buildSettings = {
				ASSETCATALOG_COMPILER_APPICON_NAME = AppIcon;
				ASSETCATALOG_COMPILER_GLOBAL_ACCENT_COLOR_NAME = AccentColor;
				CODE_SIGN_STYLE = Automatic;
				CURRENT_PROJECT_VERSION = 1;
				DEVELOPMENT_TEAM = VWW7MQ2767;
				GENERATE_INFOPLIST_FILE = YES;
				INFOPLIST_FILE = "ToDoApp/Supporting files/Info.plist";
				INFOPLIST_KEY_UIApplicationSupportsIndirectInputEvents = YES;
				INFOPLIST_KEY_UILaunchStoryboardName = LaunchScreen;
				INFOPLIST_KEY_UIMainStoryboardFile = Main;
				INFOPLIST_KEY_UISupportedInterfaceOrientations_iPad = "UIInterfaceOrientationPortrait UIInterfaceOrientationPortraitUpsideDown UIInterfaceOrientationLandscapeLeft UIInterfaceOrientationLandscapeRight";
				INFOPLIST_KEY_UISupportedInterfaceOrientations_iPhone = "UIInterfaceOrientationPortrait UIInterfaceOrientationLandscapeLeft UIInterfaceOrientationLandscapeRight";
				LD_RUNPATH_SEARCH_PATHS = (
					"$(inherited)",
					"@executable_path/Frameworks",
				);
				MARKETING_VERSION = 1.0;
				PRODUCT_BUNDLE_IDENTIFIER = com.hutr0.ToDoApp;
				PRODUCT_NAME = "$(TARGET_NAME)";
				SWIFT_EMIT_LOC_STRINGS = YES;
				SWIFT_VERSION = 5.0;
				TARGETED_DEVICE_FAMILY = "1,2";
			};
			name = Debug;
		};
		E00B7A262785068600CA24BE /* Release */ = {
			isa = XCBuildConfiguration;
			buildSettings = {
				ASSETCATALOG_COMPILER_APPICON_NAME = AppIcon;
				ASSETCATALOG_COMPILER_GLOBAL_ACCENT_COLOR_NAME = AccentColor;
				CODE_SIGN_STYLE = Automatic;
				CURRENT_PROJECT_VERSION = 1;
				DEVELOPMENT_TEAM = VWW7MQ2767;
				GENERATE_INFOPLIST_FILE = YES;
				INFOPLIST_FILE = "ToDoApp/Supporting files/Info.plist";
				INFOPLIST_KEY_UIApplicationSupportsIndirectInputEvents = YES;
				INFOPLIST_KEY_UILaunchStoryboardName = LaunchScreen;
				INFOPLIST_KEY_UIMainStoryboardFile = Main;
				INFOPLIST_KEY_UISupportedInterfaceOrientations_iPad = "UIInterfaceOrientationPortrait UIInterfaceOrientationPortraitUpsideDown UIInterfaceOrientationLandscapeLeft UIInterfaceOrientationLandscapeRight";
				INFOPLIST_KEY_UISupportedInterfaceOrientations_iPhone = "UIInterfaceOrientationPortrait UIInterfaceOrientationLandscapeLeft UIInterfaceOrientationLandscapeRight";
				LD_RUNPATH_SEARCH_PATHS = (
					"$(inherited)",
					"@executable_path/Frameworks",
				);
				MARKETING_VERSION = 1.0;
				PRODUCT_BUNDLE_IDENTIFIER = com.hutr0.ToDoApp;
				PRODUCT_NAME = "$(TARGET_NAME)";
				SWIFT_EMIT_LOC_STRINGS = YES;
				SWIFT_VERSION = 5.0;
				TARGETED_DEVICE_FAMILY = "1,2";
			};
			name = Release;
		};
		E00B7A282785068600CA24BE /* Debug */ = {
			isa = XCBuildConfiguration;
			buildSettings = {
				ALWAYS_EMBED_SWIFT_STANDARD_LIBRARIES = YES;
				BUNDLE_LOADER = "$(TEST_HOST)";
				CODE_SIGN_STYLE = Automatic;
				CURRENT_PROJECT_VERSION = 1;
				DEVELOPMENT_TEAM = VWW7MQ2767;
				GENERATE_INFOPLIST_FILE = YES;
				IPHONEOS_DEPLOYMENT_TARGET = 15.2;
				MARKETING_VERSION = 1.0;
				PRODUCT_BUNDLE_IDENTIFIER = com.hutr0.ToDoAppTests;
				PRODUCT_NAME = "$(TARGET_NAME)";
				SWIFT_EMIT_LOC_STRINGS = NO;
				SWIFT_VERSION = 5.0;
				TARGETED_DEVICE_FAMILY = "1,2";
				TEST_HOST = "$(BUILT_PRODUCTS_DIR)/ToDoApp.app/ToDoApp";
			};
			name = Debug;
		};
		E00B7A292785068600CA24BE /* Release */ = {
			isa = XCBuildConfiguration;
			buildSettings = {
				ALWAYS_EMBED_SWIFT_STANDARD_LIBRARIES = YES;
				BUNDLE_LOADER = "$(TEST_HOST)";
				CODE_SIGN_STYLE = Automatic;
				CURRENT_PROJECT_VERSION = 1;
				DEVELOPMENT_TEAM = VWW7MQ2767;
				GENERATE_INFOPLIST_FILE = YES;
				IPHONEOS_DEPLOYMENT_TARGET = 15.2;
				MARKETING_VERSION = 1.0;
				PRODUCT_BUNDLE_IDENTIFIER = com.hutr0.ToDoAppTests;
				PRODUCT_NAME = "$(TARGET_NAME)";
				SWIFT_EMIT_LOC_STRINGS = NO;
				SWIFT_VERSION = 5.0;
				TARGETED_DEVICE_FAMILY = "1,2";
				TEST_HOST = "$(BUILT_PRODUCTS_DIR)/ToDoApp.app/ToDoApp";
			};
			name = Release;
		};
		E00B7A2B2785068600CA24BE /* Debug */ = {
			isa = XCBuildConfiguration;
			buildSettings = {
				ALWAYS_EMBED_SWIFT_STANDARD_LIBRARIES = YES;
				CODE_SIGN_STYLE = Automatic;
				CURRENT_PROJECT_VERSION = 1;
				DEVELOPMENT_TEAM = VWW7MQ2767;
				GENERATE_INFOPLIST_FILE = YES;
				MARKETING_VERSION = 1.0;
				PRODUCT_BUNDLE_IDENTIFIER = com.hutr0.ToDoAppUITests;
				PRODUCT_NAME = "$(TARGET_NAME)";
				SWIFT_EMIT_LOC_STRINGS = NO;
				SWIFT_VERSION = 5.0;
				TARGETED_DEVICE_FAMILY = "1,2";
				TEST_TARGET_NAME = ToDoApp;
			};
			name = Debug;
		};
		E00B7A2C2785068600CA24BE /* Release */ = {
			isa = XCBuildConfiguration;
			buildSettings = {
				ALWAYS_EMBED_SWIFT_STANDARD_LIBRARIES = YES;
				CODE_SIGN_STYLE = Automatic;
				CURRENT_PROJECT_VERSION = 1;
				DEVELOPMENT_TEAM = VWW7MQ2767;
				GENERATE_INFOPLIST_FILE = YES;
				MARKETING_VERSION = 1.0;
				PRODUCT_BUNDLE_IDENTIFIER = com.hutr0.ToDoAppUITests;
				PRODUCT_NAME = "$(TARGET_NAME)";
				SWIFT_EMIT_LOC_STRINGS = NO;
				SWIFT_VERSION = 5.0;
				TARGETED_DEVICE_FAMILY = "1,2";
				TEST_TARGET_NAME = ToDoApp;
			};
			name = Release;
		};
/* End XCBuildConfiguration section */

/* Begin XCConfigurationList section */
		E00B79F52785068400CA24BE /* Build configuration list for PBXProject "ToDoApp" */ = {
			isa = XCConfigurationList;
			buildConfigurations = (
				E00B7A222785068600CA24BE /* Debug */,
				E00B7A232785068600CA24BE /* Release */,
			);
			defaultConfigurationIsVisible = 0;
			defaultConfigurationName = Release;
		};
		E00B7A242785068600CA24BE /* Build configuration list for PBXNativeTarget "ToDoApp" */ = {
			isa = XCConfigurationList;
			buildConfigurations = (
				E00B7A252785068600CA24BE /* Debug */,
				E00B7A262785068600CA24BE /* Release */,
			);
			defaultConfigurationIsVisible = 0;
			defaultConfigurationName = Release;
		};
		E00B7A272785068600CA24BE /* Build configuration list for PBXNativeTarget "ToDoAppTests" */ = {
			isa = XCConfigurationList;
			buildConfigurations = (
				E00B7A282785068600CA24BE /* Debug */,
				E00B7A292785068600CA24BE /* Release */,
			);
			defaultConfigurationIsVisible = 0;
			defaultConfigurationName = Release;
		};
		E00B7A2A2785068600CA24BE /* Build configuration list for PBXNativeTarget "ToDoAppUITests" */ = {
			isa = XCConfigurationList;
			buildConfigurations = (
				E00B7A2B2785068600CA24BE /* Debug */,
				E00B7A2C2785068600CA24BE /* Release */,
			);
			defaultConfigurationIsVisible = 0;
			defaultConfigurationName = Release;
		};
/* End XCConfigurationList section */
	};
	rootObject = E00B79F22785068400CA24BE /* Project object */;
}
